// !$*UTF8*$!
{
	archiveVersion = 1;
	classes = {
	};
	objectVersion = 77;
	objects = {

/* Begin PBXBuildFile section */
		27C5ED742CD90261005380EE /* FirebaseDatabase in Frameworks */ = {isa = PBXBuildFile; productRef = 27C5ED732CD90261005380EE /* FirebaseDatabase */; };
		27C5ED762CD90261005380EE /* FirebaseFirestore in Frameworks */ = {isa = PBXBuildFile; productRef = 27C5ED752CD90261005380EE /* FirebaseFirestore */; };
		27C5ED782CD90261005380EE /* FirebaseFirestoreCombine-Community in Frameworks */ = {isa = PBXBuildFile; productRef = 27C5ED772CD90261005380EE /* FirebaseFirestoreCombine-Community */; };
		27C5ED7A2CD90261005380EE /* FirebaseStorage in Frameworks */ = {isa = PBXBuildFile; productRef = 27C5ED792CD90261005380EE /* FirebaseStorage */; };
		27E5E5512CCECA57003E3E70 /* FirebaseAnalytics in Frameworks */ = {isa = PBXBuildFile; productRef = 27E5E5502CCECA57003E3E70 /* FirebaseAnalytics */; };
		27E5E5532CCECA57003E3E70 /* FirebaseCore in Frameworks */ = {isa = PBXBuildFile; productRef = 27E5E5522CCECA57003E3E70 /* FirebaseCore */; };
		27E5E5632CCECB2A003E3E70 /* FirebaseAuth in Frameworks */ = {isa = PBXBuildFile; productRef = 27E5E5622CCECB2A003E3E70 /* FirebaseAuth */; };
/* End PBXBuildFile section */

/* Begin PBXContainerItemProxy section */
		27E5E5332CCEC9EA003E3E70 /* PBXContainerItemProxy */ = {
			isa = PBXContainerItemProxy;
			containerPortal = 27E5E51A2CCEC9E9003E3E70 /* Project object */;
			proxyType = 1;
			remoteGlobalIDString = 27E5E5212CCEC9E9003E3E70;
			remoteInfo = "gymroutine-mobile";
		};
		27E5E53D2CCEC9EA003E3E70 /* PBXContainerItemProxy */ = {
			isa = PBXContainerItemProxy;
			containerPortal = 27E5E51A2CCEC9E9003E3E70 /* Project object */;
			proxyType = 1;
			remoteGlobalIDString = 27E5E5212CCEC9E9003E3E70;
			remoteInfo = "gymroutine-mobile";
		};
/* End PBXContainerItemProxy section */

/* Begin PBXFileReference section */
		27E5E5222CCEC9E9003E3E70 /* gymroutine-mobile.app */ = {isa = PBXFileReference; explicitFileType = wrapper.application; includeInIndex = 0; path = "gymroutine-mobile.app"; sourceTree = BUILT_PRODUCTS_DIR; };
		27E5E5322CCEC9EA003E3E70 /* gymroutine-mobileTests.xctest */ = {isa = PBXFileReference; explicitFileType = wrapper.cfbundle; includeInIndex = 0; path = "gymroutine-mobileTests.xctest"; sourceTree = BUILT_PRODUCTS_DIR; };
		27E5E53C2CCEC9EA003E3E70 /* gymroutine-mobileUITests.xctest */ = {isa = PBXFileReference; explicitFileType = wrapper.cfbundle; includeInIndex = 0; path = "gymroutine-mobileUITests.xctest"; sourceTree = BUILT_PRODUCTS_DIR; };
/* End PBXFileReference section */

/* Begin PBXFileSystemSynchronizedRootGroup section */
		27E5E5242CCEC9E9003E3E70 /* gymroutine-mobile */ = {
			isa = PBXFileSystemSynchronizedRootGroup;
			path = "gymroutine-mobile";
			sourceTree = "<group>";
		};
		27E5E5352CCEC9EA003E3E70 /* gymroutine-mobileTests */ = {
			isa = PBXFileSystemSynchronizedRootGroup;
			path = "gymroutine-mobileTests";
			sourceTree = "<group>";
		};
		27E5E53F2CCEC9EA003E3E70 /* gymroutine-mobileUITests */ = {
			isa = PBXFileSystemSynchronizedRootGroup;
			path = "gymroutine-mobileUITests";
			sourceTree = "<group>";
		};
/* End PBXFileSystemSynchronizedRootGroup section */

/* Begin PBXFrameworksBuildPhase section */
		27E5E51F2CCEC9E9003E3E70 /* Frameworks */ = {
			isa = PBXFrameworksBuildPhase;
			buildActionMask = 2147483647;
			files = (
				27E5E5532CCECA57003E3E70 /* FirebaseCore in Frameworks */,
				27E5E5632CCECB2A003E3E70 /* FirebaseAuth in Frameworks */,
				27C5ED742CD90261005380EE /* FirebaseDatabase in Frameworks */,
				27C5ED782CD90261005380EE /* FirebaseFirestoreCombine-Community in Frameworks */,
				27C5ED7A2CD90261005380EE /* FirebaseStorage in Frameworks */,
				27C5ED762CD90261005380EE /* FirebaseFirestore in Frameworks */,
				27E5E5512CCECA57003E3E70 /* FirebaseAnalytics in Frameworks */,
			);
			runOnlyForDeploymentPostprocessing = 0;
		};
		27E5E52F2CCEC9EA003E3E70 /* Frameworks */ = {
			isa = PBXFrameworksBuildPhase;
			buildActionMask = 2147483647;
			files = (
			);
			runOnlyForDeploymentPostprocessing = 0;
		};
		27E5E5392CCEC9EA003E3E70 /* Frameworks */ = {
			isa = PBXFrameworksBuildPhase;
			buildActionMask = 2147483647;
			files = (
			);
			runOnlyForDeploymentPostprocessing = 0;
		};
/* End PBXFrameworksBuildPhase section */

/* Begin PBXGroup section */
		27E5E5192CCEC9E9003E3E70 = {
			isa = PBXGroup;
			children = (
				27E5E5242CCEC9E9003E3E70 /* gymroutine-mobile */,
				27E5E5352CCEC9EA003E3E70 /* gymroutine-mobileTests */,
				27E5E53F2CCEC9EA003E3E70 /* gymroutine-mobileUITests */,
				27E5E5232CCEC9E9003E3E70 /* Products */,
			);
			sourceTree = "<group>";
		};
		27E5E5232CCEC9E9003E3E70 /* Products */ = {
			isa = PBXGroup;
			children = (
				27E5E5222CCEC9E9003E3E70 /* gymroutine-mobile.app */,
				27E5E5322CCEC9EA003E3E70 /* gymroutine-mobileTests.xctest */,
				27E5E53C2CCEC9EA003E3E70 /* gymroutine-mobileUITests.xctest */,
			);
			name = Products;
			sourceTree = "<group>";
		};
/* End PBXGroup section */

/* Begin PBXNativeTarget section */
		27E5E5212CCEC9E9003E3E70 /* gymroutine-mobile */ = {
			isa = PBXNativeTarget;
			buildConfigurationList = 27E5E5462CCEC9EA003E3E70 /* Build configuration list for PBXNativeTarget "gymroutine-mobile" */;
			buildPhases = (
				27E5E51E2CCEC9E9003E3E70 /* Sources */,
				27E5E51F2CCEC9E9003E3E70 /* Frameworks */,
				27E5E5202CCEC9E9003E3E70 /* Resources */,
			);
			buildRules = (
			);
			dependencies = (
			);
			fileSystemSynchronizedGroups = (
				27E5E5242CCEC9E9003E3E70 /* gymroutine-mobile */,
			);
			name = "gymroutine-mobile";
			packageProductDependencies = (
				27E5E5502CCECA57003E3E70 /* FirebaseAnalytics */,
				27E5E5522CCECA57003E3E70 /* FirebaseCore */,
				27E5E5622CCECB2A003E3E70 /* FirebaseAuth */,
				27C5ED732CD90261005380EE /* FirebaseDatabase */,
				27C5ED752CD90261005380EE /* FirebaseFirestore */,
				27C5ED772CD90261005380EE /* FirebaseFirestoreCombine-Community */,
				27C5ED792CD90261005380EE /* FirebaseStorage */,
			);
			productName = "gymroutine-mobile";
			productReference = 27E5E5222CCEC9E9003E3E70 /* gymroutine-mobile.app */;
			productType = "com.apple.product-type.application";
		};
		27E5E5312CCEC9EA003E3E70 /* gymroutine-mobileTests */ = {
			isa = PBXNativeTarget;
			buildConfigurationList = 27E5E5492CCEC9EA003E3E70 /* Build configuration list for PBXNativeTarget "gymroutine-mobileTests" */;
			buildPhases = (
				27E5E52E2CCEC9EA003E3E70 /* Sources */,
				27E5E52F2CCEC9EA003E3E70 /* Frameworks */,
				27E5E5302CCEC9EA003E3E70 /* Resources */,
			);
			buildRules = (
			);
			dependencies = (
				27E5E5342CCEC9EA003E3E70 /* PBXTargetDependency */,
			);
			fileSystemSynchronizedGroups = (
				27E5E5352CCEC9EA003E3E70 /* gymroutine-mobileTests */,
			);
			name = "gymroutine-mobileTests";
			packageProductDependencies = (
			);
			productName = "gymroutine-mobileTests";
			productReference = 27E5E5322CCEC9EA003E3E70 /* gymroutine-mobileTests.xctest */;
			productType = "com.apple.product-type.bundle.unit-test";
		};
		27E5E53B2CCEC9EA003E3E70 /* gymroutine-mobileUITests */ = {
			isa = PBXNativeTarget;
			buildConfigurationList = 27E5E54C2CCEC9EA003E3E70 /* Build configuration list for PBXNativeTarget "gymroutine-mobileUITests" */;
			buildPhases = (
				27E5E5382CCEC9EA003E3E70 /* Sources */,
				27E5E5392CCEC9EA003E3E70 /* Frameworks */,
				27E5E53A2CCEC9EA003E3E70 /* Resources */,
			);
			buildRules = (
			);
			dependencies = (
				27E5E53E2CCEC9EA003E3E70 /* PBXTargetDependency */,
			);
			fileSystemSynchronizedGroups = (
				27E5E53F2CCEC9EA003E3E70 /* gymroutine-mobileUITests */,
			);
			name = "gymroutine-mobileUITests";
			packageProductDependencies = (
			);
			productName = "gymroutine-mobileUITests";
			productReference = 27E5E53C2CCEC9EA003E3E70 /* gymroutine-mobileUITests.xctest */;
			productType = "com.apple.product-type.bundle.ui-testing";
		};
/* End PBXNativeTarget section */

/* Begin PBXProject section */
		27E5E51A2CCEC9E9003E3E70 /* Project object */ = {
			isa = PBXProject;
			attributes = {
				BuildIndependentTargetsInParallel = 1;
				LastSwiftUpdateCheck = 1600;
				LastUpgradeCheck = 1600;
				TargetAttributes = {
					27E5E5212CCEC9E9003E3E70 = {
						CreatedOnToolsVersion = 16.0;
					};
					27E5E5312CCEC9EA003E3E70 = {
						CreatedOnToolsVersion = 16.0;
						TestTargetID = 27E5E5212CCEC9E9003E3E70;
					};
					27E5E53B2CCEC9EA003E3E70 = {
						CreatedOnToolsVersion = 16.0;
						TestTargetID = 27E5E5212CCEC9E9003E3E70;
					};
				};
			};
			buildConfigurationList = 27E5E51D2CCEC9E9003E3E70 /* Build configuration list for PBXProject "gymroutine-mobile" */;
			developmentRegion = en;
			hasScannedForEncodings = 0;
			knownRegions = (
				en,
				Base,
			);
			mainGroup = 27E5E5192CCEC9E9003E3E70;
			minimizedProjectReferenceProxies = 1;
			packageReferences = (
				27E5E54F2CCECA57003E3E70 /* XCRemoteSwiftPackageReference "firebase-ios-sdk" */,
			);
			preferredProjectObjectVersion = 77;
			productRefGroup = 27E5E5232CCEC9E9003E3E70 /* Products */;
			projectDirPath = "";
			projectRoot = "";
			targets = (
				27E5E5212CCEC9E9003E3E70 /* gymroutine-mobile */,
				27E5E5312CCEC9EA003E3E70 /* gymroutine-mobileTests */,
				27E5E53B2CCEC9EA003E3E70 /* gymroutine-mobileUITests */,
			);
		};
/* End PBXProject section */

/* Begin PBXResourcesBuildPhase section */
		27E5E5202CCEC9E9003E3E70 /* Resources */ = {
			isa = PBXResourcesBuildPhase;
			buildActionMask = 2147483647;
			files = (
			);
			runOnlyForDeploymentPostprocessing = 0;
		};
		27E5E5302CCEC9EA003E3E70 /* Resources */ = {
			isa = PBXResourcesBuildPhase;
			buildActionMask = 2147483647;
			files = (
			);
			runOnlyForDeploymentPostprocessing = 0;
		};
		27E5E53A2CCEC9EA003E3E70 /* Resources */ = {
			isa = PBXResourcesBuildPhase;
			buildActionMask = 2147483647;
			files = (
			);
			runOnlyForDeploymentPostprocessing = 0;
		};
/* End PBXResourcesBuildPhase section */

/* Begin PBXSourcesBuildPhase section */
		27E5E51E2CCEC9E9003E3E70 /* Sources */ = {
			isa = PBXSourcesBuildPhase;
			buildActionMask = 2147483647;
			files = (
			);
			runOnlyForDeploymentPostprocessing = 0;
		};
		27E5E52E2CCEC9EA003E3E70 /* Sources */ = {
			isa = PBXSourcesBuildPhase;
			buildActionMask = 2147483647;
			files = (
			);
			runOnlyForDeploymentPostprocessing = 0;
		};
		27E5E5382CCEC9EA003E3E70 /* Sources */ = {
			isa = PBXSourcesBuildPhase;
			buildActionMask = 2147483647;
			files = (
			);
			runOnlyForDeploymentPostprocessing = 0;
		};
/* End PBXSourcesBuildPhase section */

/* Begin PBXTargetDependency section */
		27E5E5342CCEC9EA003E3E70 /* PBXTargetDependency */ = {
			isa = PBXTargetDependency;
			target = 27E5E5212CCEC9E9003E3E70 /* gymroutine-mobile */;
			targetProxy = 27E5E5332CCEC9EA003E3E70 /* PBXContainerItemProxy */;
		};
		27E5E53E2CCEC9EA003E3E70 /* PBXTargetDependency */ = {
			isa = PBXTargetDependency;
			target = 27E5E5212CCEC9E9003E3E70 /* gymroutine-mobile */;
			targetProxy = 27E5E53D2CCEC9EA003E3E70 /* PBXContainerItemProxy */;
		};
/* End PBXTargetDependency section */

/* Begin XCBuildConfiguration section */
		27E5E5442CCEC9EA003E3E70 /* Debug */ = {
			isa = XCBuildConfiguration;
			buildSettings = {
				ALWAYS_SEARCH_USER_PATHS = NO;
				ASSETCATALOG_COMPILER_GENERATE_SWIFT_ASSET_SYMBOL_EXTENSIONS = YES;
				CLANG_ANALYZER_NONNULL = YES;
				CLANG_ANALYZER_NUMBER_OBJECT_CONVERSION = YES_AGGRESSIVE;
				CLANG_CXX_LANGUAGE_STANDARD = "gnu++20";
				CLANG_ENABLE_MODULES = YES;
				CLANG_ENABLE_OBJC_ARC = YES;
				CLANG_ENABLE_OBJC_WEAK = YES;
				CLANG_WARN_BLOCK_CAPTURE_AUTORELEASING = YES;
				CLANG_WARN_BOOL_CONVERSION = YES;
				CLANG_WARN_COMMA = YES;
				CLANG_WARN_CONSTANT_CONVERSION = YES;
				CLANG_WARN_DEPRECATED_OBJC_IMPLEMENTATIONS = YES;
				CLANG_WARN_DIRECT_OBJC_ISA_USAGE = YES_ERROR;
				CLANG_WARN_DOCUMENTATION_COMMENTS = YES;
				CLANG_WARN_EMPTY_BODY = YES;
				CLANG_WARN_ENUM_CONVERSION = YES;
				CLANG_WARN_INFINITE_RECURSION = YES;
				CLANG_WARN_INT_CONVERSION = YES;
				CLANG_WARN_NON_LITERAL_NULL_CONVERSION = YES;
				CLANG_WARN_OBJC_IMPLICIT_RETAIN_SELF = YES;
				CLANG_WARN_OBJC_LITERAL_CONVERSION = YES;
				CLANG_WARN_OBJC_ROOT_CLASS = YES_ERROR;
				CLANG_WARN_QUOTED_INCLUDE_IN_FRAMEWORK_HEADER = YES;
				CLANG_WARN_RANGE_LOOP_ANALYSIS = YES;
				CLANG_WARN_STRICT_PROTOTYPES = YES;
				CLANG_WARN_SUSPICIOUS_MOVE = YES;
				CLANG_WARN_UNGUARDED_AVAILABILITY = YES_AGGRESSIVE;
				CLANG_WARN_UNREACHABLE_CODE = YES;
				CLANG_WARN__DUPLICATE_METHOD_MATCH = YES;
				COPY_PHASE_STRIP = NO;
				DEBUG_INFORMATION_FORMAT = dwarf;
				ENABLE_STRICT_OBJC_MSGSEND = YES;
				ENABLE_TESTABILITY = YES;
				ENABLE_USER_SCRIPT_SANDBOXING = YES;
				GCC_C_LANGUAGE_STANDARD = gnu17;
				GCC_DYNAMIC_NO_PIC = NO;
				GCC_NO_COMMON_BLOCKS = YES;
				GCC_OPTIMIZATION_LEVEL = 0;
				GCC_PREPROCESSOR_DEFINITIONS = (
					"DEBUG=1",
					"$(inherited)",
				);
				GCC_WARN_64_TO_32_BIT_CONVERSION = YES;
				GCC_WARN_ABOUT_RETURN_TYPE = YES_ERROR;
				GCC_WARN_UNDECLARED_SELECTOR = YES;
				GCC_WARN_UNINITIALIZED_AUTOS = YES_AGGRESSIVE;
				GCC_WARN_UNUSED_FUNCTION = YES;
				GCC_WARN_UNUSED_VARIABLE = YES;
				IPHONEOS_DEPLOYMENT_TARGET = 18.0;
				LOCALIZATION_PREFERS_STRING_CATALOGS = YES;
				MTL_ENABLE_DEBUG_INFO = INCLUDE_SOURCE;
				MTL_FAST_MATH = YES;
				ONLY_ACTIVE_ARCH = YES;
				SDKROOT = iphoneos;
				SWIFT_ACTIVE_COMPILATION_CONDITIONS = "DEBUG $(inherited)";
				SWIFT_OPTIMIZATION_LEVEL = "-Onone";
			};
			name = Debug;
		};
		27E5E5452CCEC9EA003E3E70 /* Release */ = {
			isa = XCBuildConfiguration;
			buildSettings = {
				ALWAYS_SEARCH_USER_PATHS = NO;
				ASSETCATALOG_COMPILER_GENERATE_SWIFT_ASSET_SYMBOL_EXTENSIONS = YES;
				CLANG_ANALYZER_NONNULL = YES;
				CLANG_ANALYZER_NUMBER_OBJECT_CONVERSION = YES_AGGRESSIVE;
				CLANG_CXX_LANGUAGE_STANDARD = "gnu++20";
				CLANG_ENABLE_MODULES = YES;
				CLANG_ENABLE_OBJC_ARC = YES;
				CLANG_ENABLE_OBJC_WEAK = YES;
				CLANG_WARN_BLOCK_CAPTURE_AUTORELEASING = YES;
				CLANG_WARN_BOOL_CONVERSION = YES;
				CLANG_WARN_COMMA = YES;
				CLANG_WARN_CONSTANT_CONVERSION = YES;
				CLANG_WARN_DEPRECATED_OBJC_IMPLEMENTATIONS = YES;
				CLANG_WARN_DIRECT_OBJC_ISA_USAGE = YES_ERROR;
				CLANG_WARN_DOCUMENTATION_COMMENTS = YES;
				CLANG_WARN_EMPTY_BODY = YES;
				CLANG_WARN_ENUM_CONVERSION = YES;
				CLANG_WARN_INFINITE_RECURSION = YES;
				CLANG_WARN_INT_CONVERSION = YES;
				CLANG_WARN_NON_LITERAL_NULL_CONVERSION = YES;
				CLANG_WARN_OBJC_IMPLICIT_RETAIN_SELF = YES;
				CLANG_WARN_OBJC_LITERAL_CONVERSION = YES;
				CLANG_WARN_OBJC_ROOT_CLASS = YES_ERROR;
				CLANG_WARN_QUOTED_INCLUDE_IN_FRAMEWORK_HEADER = YES;
				CLANG_WARN_RANGE_LOOP_ANALYSIS = YES;
				CLANG_WARN_STRICT_PROTOTYPES = YES;
				CLANG_WARN_SUSPICIOUS_MOVE = YES;
				CLANG_WARN_UNGUARDED_AVAILABILITY = YES_AGGRESSIVE;
				CLANG_WARN_UNREACHABLE_CODE = YES;
				CLANG_WARN__DUPLICATE_METHOD_MATCH = YES;
				COPY_PHASE_STRIP = NO;
				DEBUG_INFORMATION_FORMAT = "dwarf-with-dsym";
				ENABLE_NS_ASSERTIONS = NO;
				ENABLE_STRICT_OBJC_MSGSEND = YES;
				ENABLE_USER_SCRIPT_SANDBOXING = YES;
				GCC_C_LANGUAGE_STANDARD = gnu17;
				GCC_NO_COMMON_BLOCKS = YES;
				GCC_WARN_64_TO_32_BIT_CONVERSION = YES;
				GCC_WARN_ABOUT_RETURN_TYPE = YES_ERROR;
				GCC_WARN_UNDECLARED_SELECTOR = YES;
				GCC_WARN_UNINITIALIZED_AUTOS = YES_AGGRESSIVE;
				GCC_WARN_UNUSED_FUNCTION = YES;
				GCC_WARN_UNUSED_VARIABLE = YES;
				IPHONEOS_DEPLOYMENT_TARGET = 18.0;
				LOCALIZATION_PREFERS_STRING_CATALOGS = YES;
				MTL_ENABLE_DEBUG_INFO = NO;
				MTL_FAST_MATH = YES;
				SDKROOT = iphoneos;
				SWIFT_COMPILATION_MODE = wholemodule;
				VALIDATE_PRODUCT = YES;
			};
			name = Release;
		};
		27E5E5472CCEC9EA003E3E70 /* Debug */ = {
			isa = XCBuildConfiguration;
			buildSettings = {
				ASSETCATALOG_COMPILER_APPICON_NAME = AppIcon;
				ASSETCATALOG_COMPILER_GLOBAL_ACCENT_COLOR_NAME = AccentColor;
				CODE_SIGN_STYLE = Automatic;
				CURRENT_PROJECT_VERSION = 1;
				DEVELOPMENT_ASSET_PATHS = "\"gymroutine-mobile/Preview Content\"";
				DEVELOPMENT_TEAM = "";
				ENABLE_PREVIEWS = YES;
				GENERATE_INFOPLIST_FILE = YES;
				INFOPLIST_KEY_UIApplicationSceneManifest_Generation = YES;
				INFOPLIST_KEY_UIApplicationSupportsIndirectInputEvents = YES;
				INFOPLIST_KEY_UILaunchScreen_Generation = YES;
				INFOPLIST_KEY_UISupportedInterfaceOrientations_iPad = "UIInterfaceOrientationPortrait UIInterfaceOrientationPortraitUpsideDown UIInterfaceOrientationLandscapeLeft UIInterfaceOrientationLandscapeRight";
				INFOPLIST_KEY_UISupportedInterfaceOrientations_iPhone = "UIInterfaceOrientationPortrait UIInterfaceOrientationLandscapeLeft UIInterfaceOrientationLandscapeRight";
				IPHONEOS_DEPLOYMENT_TARGET = 17.5;
				LD_RUNPATH_SEARCH_PATHS = (
					"$(inherited)",
					"@executable_path/Frameworks",
				);
				MARKETING_VERSION = 1.0;
				PRODUCT_BUNDLE_IDENTIFIER = "com.siproject.gymroutine-mobile";
				PRODUCT_NAME = "$(TARGET_NAME)";
				SWIFT_EMIT_LOC_STRINGS = YES;
				SWIFT_VERSION = 5.0;
				TARGETED_DEVICE_FAMILY = "1,2";
			};
			name = Debug;
		};
		27E5E5482CCEC9EA003E3E70 /* Release */ = {
			isa = XCBuildConfiguration;
			buildSettings = {
				ASSETCATALOG_COMPILER_APPICON_NAME = AppIcon;
				ASSETCATALOG_COMPILER_GLOBAL_ACCENT_COLOR_NAME = AccentColor;
				CODE_SIGN_STYLE = Automatic;
				CURRENT_PROJECT_VERSION = 1;
				DEVELOPMENT_ASSET_PATHS = "\"gymroutine-mobile/Preview Content\"";
				DEVELOPMENT_TEAM = "";
				ENABLE_PREVIEWS = YES;
				GENERATE_INFOPLIST_FILE = YES;
				INFOPLIST_KEY_UIApplicationSceneManifest_Generation = YES;
				INFOPLIST_KEY_UIApplicationSupportsIndirectInputEvents = YES;
				INFOPLIST_KEY_UILaunchScreen_Generation = YES;
				INFOPLIST_KEY_UISupportedInterfaceOrientations_iPad = "UIInterfaceOrientationPortrait UIInterfaceOrientationPortraitUpsideDown UIInterfaceOrientationLandscapeLeft UIInterfaceOrientationLandscapeRight";
				INFOPLIST_KEY_UISupportedInterfaceOrientations_iPhone = "UIInterfaceOrientationPortrait UIInterfaceOrientationLandscapeLeft UIInterfaceOrientationLandscapeRight";
				IPHONEOS_DEPLOYMENT_TARGET = 17.5;
				LD_RUNPATH_SEARCH_PATHS = (
					"$(inherited)",
					"@executable_path/Frameworks",
				);
				MARKETING_VERSION = 1.0;
				PRODUCT_BUNDLE_IDENTIFIER = "com.siproject.gymroutine-mobile";
				PRODUCT_NAME = "$(TARGET_NAME)";
				SWIFT_EMIT_LOC_STRINGS = YES;
				SWIFT_VERSION = 5.0;
				TARGETED_DEVICE_FAMILY = "1,2";
			};
			name = Release;
		};
		27E5E54A2CCEC9EA003E3E70 /* Debug */ = {
			isa = XCBuildConfiguration;
			buildSettings = {
				BUNDLE_LOADER = "$(TEST_HOST)";
				CODE_SIGN_STYLE = Automatic;
				CURRENT_PROJECT_VERSION = 1;
				DEVELOPMENT_TEAM = F9MX7RDJ9F;
				GENERATE_INFOPLIST_FILE = YES;
				IPHONEOS_DEPLOYMENT_TARGET = 18.0;
				MARKETING_VERSION = 1.0;
				PRODUCT_BUNDLE_IDENTIFIER = "com.siproject.gymroutine-mobileTests";
				PRODUCT_NAME = "$(TARGET_NAME)";
				SWIFT_EMIT_LOC_STRINGS = NO;
				SWIFT_VERSION = 5.0;
				TARGETED_DEVICE_FAMILY = "1,2";
				TEST_HOST = "$(BUILT_PRODUCTS_DIR)/gymroutine-mobile.app/$(BUNDLE_EXECUTABLE_FOLDER_PATH)/gymroutine-mobile";
			};
			name = Debug;
		};
		27E5E54B2CCEC9EA003E3E70 /* Release */ = {
			isa = XCBuildConfiguration;
			buildSettings = {
				BUNDLE_LOADER = "$(TEST_HOST)";
				CODE_SIGN_STYLE = Automatic;
				CURRENT_PROJECT_VERSION = 1;
				DEVELOPMENT_TEAM = F9MX7RDJ9F;
				GENERATE_INFOPLIST_FILE = YES;
				IPHONEOS_DEPLOYMENT_TARGET = 18.0;
				MARKETING_VERSION = 1.0;
				PRODUCT_BUNDLE_IDENTIFIER = "com.siproject.gymroutine-mobileTests";
				PRODUCT_NAME = "$(TARGET_NAME)";
				SWIFT_EMIT_LOC_STRINGS = NO;
				SWIFT_VERSION = 5.0;
				TARGETED_DEVICE_FAMILY = "1,2";
				TEST_HOST = "$(BUILT_PRODUCTS_DIR)/gymroutine-mobile.app/$(BUNDLE_EXECUTABLE_FOLDER_PATH)/gymroutine-mobile";
			};
			name = Release;
		};
		27E5E54D2CCEC9EA003E3E70 /* Debug */ = {
			isa = XCBuildConfiguration;
			buildSettings = {
				CODE_SIGN_STYLE = Automatic;
				CURRENT_PROJECT_VERSION = 1;
				DEVELOPMENT_TEAM = F9MX7RDJ9F;
				GENERATE_INFOPLIST_FILE = YES;
				MARKETING_VERSION = 1.0;
				PRODUCT_BUNDLE_IDENTIFIER = "com.siproject.gymroutine-mobileUITests";
				PRODUCT_NAME = "$(TARGET_NAME)";
				SWIFT_EMIT_LOC_STRINGS = NO;
				SWIFT_VERSION = 5.0;
				TARGETED_DEVICE_FAMILY = "1,2";
				TEST_TARGET_NAME = "gymroutine-mobile";
			};
			name = Debug;
		};
		27E5E54E2CCEC9EA003E3E70 /* Release */ = {
			isa = XCBuildConfiguration;
			buildSettings = {
				CODE_SIGN_STYLE = Automatic;
				CURRENT_PROJECT_VERSION = 1;
				DEVELOPMENT_TEAM = F9MX7RDJ9F;
				GENERATE_INFOPLIST_FILE = YES;
				MARKETING_VERSION = 1.0;
				PRODUCT_BUNDLE_IDENTIFIER = "com.siproject.gymroutine-mobileUITests";
				PRODUCT_NAME = "$(TARGET_NAME)";
				SWIFT_EMIT_LOC_STRINGS = NO;
				SWIFT_VERSION = 5.0;
				TARGETED_DEVICE_FAMILY = "1,2";
				TEST_TARGET_NAME = "gymroutine-mobile";
			};
			name = Release;
		};
/* End XCBuildConfiguration section */

/* Begin XCConfigurationList section */
		27E5E51D2CCEC9E9003E3E70 /* Build configuration list for PBXProject "gymroutine-mobile" */ = {
			isa = XCConfigurationList;
			buildConfigurations = (
				27E5E5442CCEC9EA003E3E70 /* Debug */,
				27E5E5452CCEC9EA003E3E70 /* Release */,
			);
			defaultConfigurationIsVisible = 0;
			defaultConfigurationName = Release;
		};
		27E5E5462CCEC9EA003E3E70 /* Build configuration list for PBXNativeTarget "gymroutine-mobile" */ = {
			isa = XCConfigurationList;
			buildConfigurations = (
				27E5E5472CCEC9EA003E3E70 /* Debug */,
				27E5E5482CCEC9EA003E3E70 /* Release */,
			);
			defaultConfigurationIsVisible = 0;
			defaultConfigurationName = Release;
		};
		27E5E5492CCEC9EA003E3E70 /* Build configuration list for PBXNativeTarget "gymroutine-mobileTests" */ = {
			isa = XCConfigurationList;
			buildConfigurations = (
				27E5E54A2CCEC9EA003E3E70 /* Debug */,
				27E5E54B2CCEC9EA003E3E70 /* Release */,
			);
			defaultConfigurationIsVisible = 0;
			defaultConfigurationName = Release;
		};
		27E5E54C2CCEC9EA003E3E70 /* Build configuration list for PBXNativeTarget "gymroutine-mobileUITests" */ = {
			isa = XCConfigurationList;
			buildConfigurations = (
				27E5E54D2CCEC9EA003E3E70 /* Debug */,
				27E5E54E2CCEC9EA003E3E70 /* Release */,
			);
			defaultConfigurationIsVisible = 0;
			defaultConfigurationName = Release;
		};
/* End XCConfigurationList section */

/* Begin XCRemoteSwiftPackageReference section */
		27E5E54F2CCECA57003E3E70 /* XCRemoteSwiftPackageReference "firebase-ios-sdk" */ = {
			isa = XCRemoteSwiftPackageReference;
			repositoryURL = "https://github.com/firebase/firebase-ios-sdk";
			requirement = {
				branch = main;
				kind = branch;
			};
		};
/* End XCRemoteSwiftPackageReference section */

/* Begin XCSwiftPackageProductDependency section */
		27C5ED732CD90261005380EE /* FirebaseDatabase */ = {
			isa = XCSwiftPackageProductDependency;
			package = 27E5E54F2CCECA57003E3E70 /* XCRemoteSwiftPackageReference "firebase-ios-sdk" */;
			productName = FirebaseDatabase;
		};
		27C5ED752CD90261005380EE /* FirebaseFirestore */ = {
			isa = XCSwiftPackageProductDependency;
			package = 27E5E54F2CCECA57003E3E70 /* XCRemoteSwiftPackageReference "firebase-ios-sdk" */;
			productName = FirebaseFirestore;
		};
		27C5ED772CD90261005380EE /* FirebaseFirestoreCombine-Community */ = {
			isa = XCSwiftPackageProductDependency;
			package = 27E5E54F2CCECA57003E3E70 /* XCRemoteSwiftPackageReference "firebase-ios-sdk" */;
			productName = "FirebaseFirestoreCombine-Community";
		};
		27C5ED792CD90261005380EE /* FirebaseStorage */ = {
			isa = XCSwiftPackageProductDependency;
			package = 27E5E54F2CCECA57003E3E70 /* XCRemoteSwiftPackageReference "firebase-ios-sdk" */;
			productName = FirebaseStorage;
		};
		27E5E5502CCECA57003E3E70 /* FirebaseAnalytics */ = {
			isa = XCSwiftPackageProductDependency;
			package = 27E5E54F2CCECA57003E3E70 /* XCRemoteSwiftPackageReference "firebase-ios-sdk" */;
			productName = FirebaseAnalytics;
		};
		27E5E5522CCECA57003E3E70 /* FirebaseCore */ = {
			isa = XCSwiftPackageProductDependency;
			package = 27E5E54F2CCECA57003E3E70 /* XCRemoteSwiftPackageReference "firebase-ios-sdk" */;
			productName = FirebaseCore;
		};
		27E5E5622CCECB2A003E3E70 /* FirebaseAuth */ = {
			isa = XCSwiftPackageProductDependency;
			package = 27E5E54F2CCECA57003E3E70 /* XCRemoteSwiftPackageReference "firebase-ios-sdk" */;
			productName = FirebaseAuth;
		};
/* End XCSwiftPackageProductDependency section */
	};
	rootObject = 27E5E51A2CCEC9E9003E3E70 /* Project object */;
}
